
Microsoft Visual Studio Solution File, Format Version 12.00
# Visual Studio Version 17
VisualStudioVersion = 17.9.34723.18
MinimumVisualStudioVersion = 10.0.40219.1
Project("{9A19103F-16F7-4668-BE54-9A1E7A4F7556}") = "ASM_Nhom2_API", "ASM_Nhom2_API.csproj", "{59897311-B27A-40BF-A114-FE86367C518C}"
	ProjectSection(ProjectDependencies) = postProject
		{879D77FD-4C80-475D-B131-C3254592F610} = {879D77FD-4C80-475D-B131-C3254592F610}
	EndProjectSection
EndProject
Project("{9A19103F-16F7-4668-BE54-9A1E7A4F7556}") = "ASM_Nhom2_View", "..\ASM_Nhom2_View\ASM_Nhom2_View.csproj", "{879D77FD-4C80-475D-B131-C3254592F610}"
EndProject
Global
	GlobalSection(SolutionConfigurationPlatforms) = preSolution
		Debug|Any CPU = Debug|Any CPU
		Release|Any CPU = Release|Any CPU
	EndGlobalSection
	GlobalSection(ProjectConfigurationPlatforms) = postSolution
		{59897311-B27A-40BF-A114-FE86367C518C}.Debug|Any CPU.ActiveCfg = Debug|Any CPU
		{59897311-B27A-40BF-A114-FE86367C518C}.Debug|Any CPU.Build.0 = Debug|Any CPU
		{59897311-B27A-40BF-A114-FE86367C518C}.Release|Any CPU.ActiveCfg = Release|Any CPU
		{59897311-B27A-40BF-A114-FE86367C518C}.Release|Any CPU.Build.0 = Release|Any CPU
		{879D77FD-4C80-475D-B131-C3254592F610}.Debug|Any CPU.ActiveCfg = Debug|Any CPU
		{879D77FD-4C80-475D-B131-C3254592F610}.Debug|Any CPU.Build.0 = Debug|Any CPU
		{879D77FD-4C80-475D-B131-C3254592F610}.Release|Any CPU.ActiveCfg = Release|Any CPU
		{879D77FD-4C80-475D-B131-C3254592F610}.Release|Any CPU.Build.0 = Release|Any CPU
	EndGlobalSection
	GlobalSection(SolutionProperties) = preSolution
		HideSolutionNode = FALSE
	EndGlobalSection
	GlobalSection(ExtensibilityGlobals) = postSolution
		SolutionGuid = {8018E4D5-A534-4726-9BD0-0520851DD116}
	EndGlobalSection
EndGlobal
